
Microsoft Visual Studio Solution File, Format Version 12.00
# Visual Studio Version 16
VisualStudioVersion = 16.0.30621.155
MinimumVisualStudioVersion = 10.0.40219.1
Project("{9A19103F-16F7-4668-BE54-9A1E7A4F7556}") = "ACADEMY.Data", "ACADEMY.Data\ACADEMY.Data.csproj", "{E40B0292-BA17-4E48-A229-60A94555DA38}"
EndProject
Project("{FAE04EC0-301F-11D3-BF4B-00C04F79EFBC}") = "ACADEMY.WebApi", "ACADEMY.WebApi\ACADEMY.WebApi.csproj", "{F27B29B4-1F05-4DAC-85BC-FAF9E9AC1B1E}"
EndProject
Global
	GlobalSection(SolutionConfigurationPlatforms) = preSolution
		Debug|Any CPU = Debug|Any CPU
		Release|Any CPU = Release|Any CPU
	EndGlobalSection
	GlobalSection(ProjectConfigurationPlatforms) = postSolution
		{E40B0292-BA17-4E48-A229-60A94555DA38}.Debug|Any CPU.ActiveCfg = Debug|Any CPU
		{E40B0292-BA17-4E48-A229-60A94555DA38}.Debug|Any CPU.Build.0 = Debug|Any CPU
		{E40B0292-BA17-4E48-A229-60A94555DA38}.Release|Any CPU.ActiveCfg = Release|Any CPU
		{E40B0292-BA17-4E48-A229-60A94555DA38}.Release|Any CPU.Build.0 = Release|Any CPU
		{F27B29B4-1F05-4DAC-85BC-FAF9E9AC1B1E}.Debug|Any CPU.ActiveCfg = Debug|Any CPU
		{F27B29B4-1F05-4DAC-85BC-FAF9E9AC1B1E}.Debug|Any CPU.Build.0 = Debug|Any CPU
		{F27B29B4-1F05-4DAC-85BC-FAF9E9AC1B1E}.Release|Any CPU.ActiveCfg = Release|Any CPU
		{F27B29B4-1F05-4DAC-85BC-FAF9E9AC1B1E}.Release|Any CPU.Build.0 = Release|Any CPU
	EndGlobalSection
	GlobalSection(SolutionProperties) = preSolution
		HideSolutionNode = FALSE
	EndGlobalSection
	GlobalSection(ExtensibilityGlobals) = postSolution
		SolutionGuid = {13FFFAE3-39AD-43E2-B1B6-E02D3989AF65}
	EndGlobalSection
EndGlobal
