
Microsoft Visual Studio Solution File, Format Version 12.00
# Visual Studio Version 16
VisualStudioVersion = 16.0.30621.155
MinimumVisualStudioVersion = 10.0.40219.1
Project("{FAE04EC0-301F-11D3-BF4B-00C04F79EFBC}") = "ACADEMY.DataApplication", "ACADEMY.DataApplication\ACADEMY.DataApplication.csproj", "{EC2A2531-A328-438B-9B61-B02ACE882E8B}"
EndProject
Project("{FAE04EC0-301F-11D3-BF4B-00C04F79EFBC}") = "ACADEMY.Api", "ACADEMY.Api\ACADEMY.Api.csproj", "{553559ED-C83C-4CC4-9EFE-3FC635B85095}"
EndProject
Global
	GlobalSection(SolutionConfigurationPlatforms) = preSolution
		Debug|Any CPU = Debug|Any CPU
		Release|Any CPU = Release|Any CPU
	EndGlobalSection
	GlobalSection(ProjectConfigurationPlatforms) = postSolution
		{EC2A2531-A328-438B-9B61-B02ACE882E8B}.Debug|Any CPU.ActiveCfg = Debug|Any CPU
		{EC2A2531-A328-438B-9B61-B02ACE882E8B}.Debug|Any CPU.Build.0 = Debug|Any CPU
		{EC2A2531-A328-438B-9B61-B02ACE882E8B}.Release|Any CPU.ActiveCfg = Release|Any CPU
		{EC2A2531-A328-438B-9B61-B02ACE882E8B}.Release|Any CPU.Build.0 = Release|Any CPU
		{553559ED-C83C-4CC4-9EFE-3FC635B85095}.Debug|Any CPU.ActiveCfg = Debug|Any CPU
		{553559ED-C83C-4CC4-9EFE-3FC635B85095}.Debug|Any CPU.Build.0 = Debug|Any CPU
		{553559ED-C83C-4CC4-9EFE-3FC635B85095}.Release|Any CPU.ActiveCfg = Release|Any CPU
		{553559ED-C83C-4CC4-9EFE-3FC635B85095}.Release|Any CPU.Build.0 = Release|Any CPU
	EndGlobalSection
	GlobalSection(SolutionProperties) = preSolution
		HideSolutionNode = FALSE
	EndGlobalSection
	GlobalSection(ExtensibilityGlobals) = postSolution
		SolutionGuid = {13FFFAE3-39AD-43E2-B1B6-E02D3989AF65}
	EndGlobalSection
EndGlobal
